
Microsoft Visual Studio Solution File, Format Version 12.00
# Visual Studio 15
VisualStudioVersion = 15.0.27004.2008
MinimumVisualStudioVersion = 10.0.40219.1
Project("{FAE04EC0-301F-11D3-BF4B-00C04F79EFBC}") = "DocumentGenerator", "DocumentGenerator\DocumentGenerator.csproj", "{0CE99483-6A7A-4463-B5BB-818B01270050}"
EndProject
Global
	GlobalSection(SolutionConfigurationPlatforms) = preSolution
		Debug|Any CPU = Debug|Any CPU
		Release|Any CPU = Release|Any CPU
	EndGlobalSection
	GlobalSection(ProjectConfigurationPlatforms) = postSolution
		{0CE99483-6A7A-4463-B5BB-818B01270050}.Debug|Any CPU.ActiveCfg = Debug|Any CPU
		{0CE99483-6A7A-4463-B5BB-818B01270050}.Debug|Any CPU.Build.0 = Debug|Any CPU
		{0CE99483-6A7A-4463-B5BB-818B01270050}.Release|Any CPU.ActiveCfg = Release|Any CPU
		{0CE99483-6A7A-4463-B5BB-818B01270050}.Release|Any CPU.Build.0 = Release|Any CPU
	EndGlobalSection
	GlobalSection(SolutionProperties) = preSolution
		HideSolutionNode = FALSE
	EndGlobalSection
	GlobalSection(ExtensibilityGlobals) = postSolution
		SolutionGuid = {EEF796E9-21F8-4F8A-88DB-0171A57A1BC7}
	EndGlobalSection
EndGlobal
